
Microsoft Visual Studio Solution File, Format Version 12.00
Project("{FAE04EC0-301F-11D3-BF4B-00C04F79EFBC}") = "PrzykladoweNumer2", "PrzykladoweNumer2\PrzykladoweNumer2.csproj", "{F7818370-F7DB-47BB-8FD5-71A05F2B05E5}"
EndProject
Global
	GlobalSection(SolutionConfigurationPlatforms) = preSolution
		Debug|Any CPU = Debug|Any CPU
		Release|Any CPU = Release|Any CPU
	EndGlobalSection
	GlobalSection(ProjectConfigurationPlatforms) = postSolution
		{F7818370-F7DB-47BB-8FD5-71A05F2B05E5}.Debug|Any CPU.ActiveCfg = Debug|Any CPU
		{F7818370-F7DB-47BB-8FD5-71A05F2B05E5}.Debug|Any CPU.Build.0 = Debug|Any CPU
		{F7818370-F7DB-47BB-8FD5-71A05F2B05E5}.Release|Any CPU.ActiveCfg = Release|Any CPU
		{F7818370-F7DB-47BB-8FD5-71A05F2B05E5}.Release|Any CPU.Build.0 = Release|Any CPU
	EndGlobalSection
EndGlobal
